
Microsoft Visual Studio Solution File, Format Version 12.00
# Visual Studio Version 17
VisualStudioVersion = 17.11.35327.3
MinimumVisualStudioVersion = 10.0.40219.1
Project("{FAE04EC0-301F-11D3-BF4B-00C04F79EFBC}") = "QAGameApp.Web", "QAGameApp.Web\QAGameApp.Web.csproj", "{AAF24BEB-715B-4076-B57C-B5100BC56D71}"
EndProject
Project("{2150E333-8FDC-42A3-9474-1A3956D46DE8}") = "Data", "Data", "{0612DC64-51AF-4518-A72C-9A81B305E5D6}"
EndProject
Project("{2150E333-8FDC-42A3-9474-1A3956D46DE8}") = "Services", "Services", "{7CE30954-C8E8-45C0-A727-5DF8B127BBB2}"
EndProject
Project("{2150E333-8FDC-42A3-9474-1A3956D46DE8}") = "Tests", "Tests", "{A26A33C3-6D13-49C1-9DC9-CED25B6816E8}"
EndProject
Project("{2150E333-8FDC-42A3-9474-1A3956D46DE8}") = "Web", "Web", "{CA49B6ED-EDE8-42B4-8800-7FCE5E31C3EC}"
EndProject
Project("{FAE04EC0-301F-11D3-BF4B-00C04F79EFBC}") = "QAGameApp.GCommon", "QAGameApp.GCommon\QAGameApp.GCommon.csproj", "{305FE7CD-25E6-411B-8C4E-AD5ED422EA5A}"
EndProject
Project("{FAE04EC0-301F-11D3-BF4B-00C04F79EFBC}") = "QAGameApp.Data", "QAGameApp.Data\QAGameApp.Data.csproj", "{DAB039AF-958A-4FE9-B516-7F8D49F05B77}"
EndProject
Project("{FAE04EC0-301F-11D3-BF4B-00C04F79EFBC}") = "QAGameApp.Data.Common", "QAGameApp.Data.Common\QAGameApp.Data.Common.csproj", "{1669E962-FB42-4E29-BC6F-4481FAAD91B9}"
EndProject
Project("{FAE04EC0-301F-11D3-BF4B-00C04F79EFBC}") = "QAGameApp.Data.Models", "QAGameApp.Data.Models\QAGameApp.Data.Models.csproj", "{DB2AD0DB-C510-4EEF-A572-3FFC1A812CEE}"
EndProject
Project("{FAE04EC0-301F-11D3-BF4B-00C04F79EFBC}") = "QAGameApp.Services.Common", "QAGameApp.Services.Common\QAGameApp.Services.Common.csproj", "{7D7FC462-2A15-4DE3-A59D-AC099ABFA19A}"
EndProject
Project("{FAE04EC0-301F-11D3-BF4B-00C04F79EFBC}") = "QAGameApp.Services.Core", "QAGameApp.Services.Core\QAGameApp.Services.Core.csproj", "{6D2D073E-0311-45F6-AE74-FC0652B64154}"
EndProject
Project("{FAE04EC0-301F-11D3-BF4B-00C04F79EFBC}") = "QAGameApp.Web.Infrastructure", "QAGameApp.Web.Infrastructure\QAGameApp.Web.Infrastructure.csproj", "{CC75FD80-1A5F-45A4-B57D-E582E7BF8F92}"
EndProject
Project("{FAE04EC0-301F-11D3-BF4B-00C04F79EFBC}") = "QAGameApp.Web.ViewModels", "QAGameApp.Web.ViewModels\QAGameApp.Web.ViewModels.csproj", "{BE67B2A0-2D8B-4AD9-BA97-18BF384787EB}"
EndProject
Global
	GlobalSection(SolutionConfigurationPlatforms) = preSolution
		Debug|Any CPU = Debug|Any CPU
		Release|Any CPU = Release|Any CPU
	EndGlobalSection
	GlobalSection(ProjectConfigurationPlatforms) = postSolution
		{AAF24BEB-715B-4076-B57C-B5100BC56D71}.Debug|Any CPU.ActiveCfg = Debug|Any CPU
		{AAF24BEB-715B-4076-B57C-B5100BC56D71}.Debug|Any CPU.Build.0 = Debug|Any CPU
		{AAF24BEB-715B-4076-B57C-B5100BC56D71}.Release|Any CPU.ActiveCfg = Release|Any CPU
		{AAF24BEB-715B-4076-B57C-B5100BC56D71}.Release|Any CPU.Build.0 = Release|Any CPU
		{305FE7CD-25E6-411B-8C4E-AD5ED422EA5A}.Debug|Any CPU.ActiveCfg = Debug|Any CPU
		{305FE7CD-25E6-411B-8C4E-AD5ED422EA5A}.Debug|Any CPU.Build.0 = Debug|Any CPU
		{305FE7CD-25E6-411B-8C4E-AD5ED422EA5A}.Release|Any CPU.ActiveCfg = Release|Any CPU
		{305FE7CD-25E6-411B-8C4E-AD5ED422EA5A}.Release|Any CPU.Build.0 = Release|Any CPU
		{DAB039AF-958A-4FE9-B516-7F8D49F05B77}.Debug|Any CPU.ActiveCfg = Debug|Any CPU
		{DAB039AF-958A-4FE9-B516-7F8D49F05B77}.Debug|Any CPU.Build.0 = Debug|Any CPU
		{DAB039AF-958A-4FE9-B516-7F8D49F05B77}.Release|Any CPU.ActiveCfg = Release|Any CPU
		{DAB039AF-958A-4FE9-B516-7F8D49F05B77}.Release|Any CPU.Build.0 = Release|Any CPU
		{1669E962-FB42-4E29-BC6F-4481FAAD91B9}.Debug|Any CPU.ActiveCfg = Debug|Any CPU
		{1669E962-FB42-4E29-BC6F-4481FAAD91B9}.Debug|Any CPU.Build.0 = Debug|Any CPU
		{1669E962-FB42-4E29-BC6F-4481FAAD91B9}.Release|Any CPU.ActiveCfg = Release|Any CPU
		{1669E962-FB42-4E29-BC6F-4481FAAD91B9}.Release|Any CPU.Build.0 = Release|Any CPU
		{DB2AD0DB-C510-4EEF-A572-3FFC1A812CEE}.Debug|Any CPU.ActiveCfg = Debug|Any CPU
		{DB2AD0DB-C510-4EEF-A572-3FFC1A812CEE}.Debug|Any CPU.Build.0 = Debug|Any CPU
		{DB2AD0DB-C510-4EEF-A572-3FFC1A812CEE}.Release|Any CPU.ActiveCfg = Release|Any CPU
		{DB2AD0DB-C510-4EEF-A572-3FFC1A812CEE}.Release|Any CPU.Build.0 = Release|Any CPU
		{7D7FC462-2A15-4DE3-A59D-AC099ABFA19A}.Debug|Any CPU.ActiveCfg = Debug|Any CPU
		{7D7FC462-2A15-4DE3-A59D-AC099ABFA19A}.Debug|Any CPU.Build.0 = Debug|Any CPU
		{7D7FC462-2A15-4DE3-A59D-AC099ABFA19A}.Release|Any CPU.ActiveCfg = Release|Any CPU
		{7D7FC462-2A15-4DE3-A59D-AC099ABFA19A}.Release|Any CPU.Build.0 = Release|Any CPU
		{6D2D073E-0311-45F6-AE74-FC0652B64154}.Debug|Any CPU.ActiveCfg = Debug|Any CPU
		{6D2D073E-0311-45F6-AE74-FC0652B64154}.Debug|Any CPU.Build.0 = Debug|Any CPU
		{6D2D073E-0311-45F6-AE74-FC0652B64154}.Release|Any CPU.ActiveCfg = Release|Any CPU
		{6D2D073E-0311-45F6-AE74-FC0652B64154}.Release|Any CPU.Build.0 = Release|Any CPU
		{CC75FD80-1A5F-45A4-B57D-E582E7BF8F92}.Debug|Any CPU.ActiveCfg = Debug|Any CPU
		{CC75FD80-1A5F-45A4-B57D-E582E7BF8F92}.Debug|Any CPU.Build.0 = Debug|Any CPU
		{CC75FD80-1A5F-45A4-B57D-E582E7BF8F92}.Release|Any CPU.ActiveCfg = Release|Any CPU
		{CC75FD80-1A5F-45A4-B57D-E582E7BF8F92}.Release|Any CPU.Build.0 = Release|Any CPU
		{BE67B2A0-2D8B-4AD9-BA97-18BF384787EB}.Debug|Any CPU.ActiveCfg = Debug|Any CPU
		{BE67B2A0-2D8B-4AD9-BA97-18BF384787EB}.Debug|Any CPU.Build.0 = Debug|Any CPU
		{BE67B2A0-2D8B-4AD9-BA97-18BF384787EB}.Release|Any CPU.ActiveCfg = Release|Any CPU
		{BE67B2A0-2D8B-4AD9-BA97-18BF384787EB}.Release|Any CPU.Build.0 = Release|Any CPU
	EndGlobalSection
	GlobalSection(SolutionProperties) = preSolution
		HideSolutionNode = FALSE
	EndGlobalSection
	GlobalSection(NestedProjects) = preSolution
		{AAF24BEB-715B-4076-B57C-B5100BC56D71} = {CA49B6ED-EDE8-42B4-8800-7FCE5E31C3EC}
		{DAB039AF-958A-4FE9-B516-7F8D49F05B77} = {0612DC64-51AF-4518-A72C-9A81B305E5D6}
		{1669E962-FB42-4E29-BC6F-4481FAAD91B9} = {0612DC64-51AF-4518-A72C-9A81B305E5D6}
		{DB2AD0DB-C510-4EEF-A572-3FFC1A812CEE} = {0612DC64-51AF-4518-A72C-9A81B305E5D6}
		{7D7FC462-2A15-4DE3-A59D-AC099ABFA19A} = {7CE30954-C8E8-45C0-A727-5DF8B127BBB2}
		{6D2D073E-0311-45F6-AE74-FC0652B64154} = {7CE30954-C8E8-45C0-A727-5DF8B127BBB2}
		{CC75FD80-1A5F-45A4-B57D-E582E7BF8F92} = {CA49B6ED-EDE8-42B4-8800-7FCE5E31C3EC}
		{BE67B2A0-2D8B-4AD9-BA97-18BF384787EB} = {CA49B6ED-EDE8-42B4-8800-7FCE5E31C3EC}
	EndGlobalSection
	GlobalSection(ExtensibilityGlobals) = postSolution
		SolutionGuid = {41DC8AA3-BC51-4A61-8EA3-6FBE4258DA59}
	EndGlobalSection
EndGlobal
